
Microsoft Visual Studio Solution File, Format Version 12.00
# Visual Studio Version 16
VisualStudioVersion = 16.0.28714.193
MinimumVisualStudioVersion = 10.0.40219.1
Project("{9A19103F-16F7-4668-BE54-9A1E7A4F7556}") = "RichPresenceApi", "RichPresenceApi\RichPresenceApi.csproj", "{AAFFF500-C7FC-4C74-AC49-419DD2C7BC2C}"
EndProject
Project("{9A19103F-16F7-4668-BE54-9A1E7A4F7556}") = "DiscordSdk", "DiscordSdk\DiscordSdk.csproj", "{3026CE88-8D4E-4C9A-A57E-34BA0780CB95}"
EndProject
Project("{9A19103F-16F7-4668-BE54-9A1E7A4F7556}") = "ConsoleTest", "ConsoleTest\ConsoleTest.csproj", "{9B05223E-4ED4-4642-8F9B-47E401106386}"
EndProject
Global
	GlobalSection(SolutionConfigurationPlatforms) = preSolution
		Debug|Any CPU = Debug|Any CPU
		Release|Any CPU = Release|Any CPU
	EndGlobalSection
	GlobalSection(ProjectConfigurationPlatforms) = postSolution
		{AAFFF500-C7FC-4C74-AC49-419DD2C7BC2C}.Debug|Any CPU.ActiveCfg = Debug|Any CPU
		{AAFFF500-C7FC-4C74-AC49-419DD2C7BC2C}.Debug|Any CPU.Build.0 = Debug|Any CPU
		{AAFFF500-C7FC-4C74-AC49-419DD2C7BC2C}.Release|Any CPU.ActiveCfg = Release|Any CPU
		{AAFFF500-C7FC-4C74-AC49-419DD2C7BC2C}.Release|Any CPU.Build.0 = Release|Any CPU
		{3026CE88-8D4E-4C9A-A57E-34BA0780CB95}.Debug|Any CPU.ActiveCfg = Debug|Any CPU
		{3026CE88-8D4E-4C9A-A57E-34BA0780CB95}.Debug|Any CPU.Build.0 = Debug|Any CPU
		{3026CE88-8D4E-4C9A-A57E-34BA0780CB95}.Release|Any CPU.ActiveCfg = Release|Any CPU
		{3026CE88-8D4E-4C9A-A57E-34BA0780CB95}.Release|Any CPU.Build.0 = Release|Any CPU
		{9B05223E-4ED4-4642-8F9B-47E401106386}.Debug|Any CPU.ActiveCfg = Debug|Any CPU
		{9B05223E-4ED4-4642-8F9B-47E401106386}.Debug|Any CPU.Build.0 = Debug|Any CPU
		{9B05223E-4ED4-4642-8F9B-47E401106386}.Release|Any CPU.ActiveCfg = Release|Any CPU
		{9B05223E-4ED4-4642-8F9B-47E401106386}.Release|Any CPU.Build.0 = Release|Any CPU
	EndGlobalSection
	GlobalSection(SolutionProperties) = preSolution
		HideSolutionNode = FALSE
	EndGlobalSection
	GlobalSection(ExtensibilityGlobals) = postSolution
		SolutionGuid = {57F263EC-C91D-47CC-9C7E-3B5EE529B22E}
	EndGlobalSection
EndGlobal
